
Microsoft Visual Studio Solution File, Format Version 12.00
# Visual Studio 14
VisualStudioVersion = 14.0.24720.0
MinimumVisualStudioVersion = 10.0.40219.1
Project("{FAE04EC0-301F-11D3-BF4B-00C04F79EFBC}") = "Cowboy.Utilities", "Cowboy.Utilities\Cowboy.Utilities.csproj", "{D80D7951-9CB6-4F7D-B9AC-1566C173C950}"
EndProject
Project("{FAE04EC0-301F-11D3-BF4B-00C04F79EFBC}") = "Cowboy.Extensions", "Cowboy.Extensions\Cowboy.Extensions.csproj", "{AAF9F07E-921A-433F-B475-6988ECBA754F}"
EndProject
Project("{FAE04EC0-301F-11D3-BF4B-00C04F79EFBC}") = "Cowboy", "Cowboy\Cowboy.csproj", "{8FB75B54-A8D7-42B0-8E14-80CB48B91497}"
EndProject
Project("{FAE04EC0-301F-11D3-BF4B-00C04F79EFBC}") = "Cowboy.Hosting.Self", "Cowboy.Hosting.Self\Cowboy.Hosting.Self.csproj", "{4CC477F4-F78F-4C23-8449-EE00F0BBB557}"
EndProject
Project("{FAE04EC0-301F-11D3-BF4B-00C04F79EFBC}") = "Cowboy.Json", "Cowboy.Json\Cowboy.Json.csproj", "{8BD24F66-03DF-4E35-91DA-3F145BBBE34F}"
EndProject
Project("{2150E333-8FDC-42A3-9474-1A3956D46DE8}") = "Tests", "Tests", "{0E04BEDA-90F9-4E44-91B9-FAE42EF01498}"
EndProject
Project("{FAE04EC0-301F-11D3-BF4B-00C04F79EFBC}") = "Cowboy.TestServer", "Tests\Cowboy.TestServer\Cowboy.TestServer.csproj", "{1DFCD593-8814-4DCE-82D8-7F7DC9BE5BD4}"
EndProject
Project("{FAE04EC0-301F-11D3-BF4B-00C04F79EFBC}") = "Cowboy.WebSockets", "Cowboy.WebSockets\Cowboy.WebSockets.csproj", "{47E06681-38E9-46C0-8AAE-00535845D42D}"
EndProject
Project("{FAE04EC0-301F-11D3-BF4B-00C04F79EFBC}") = "Cowboy.Http", "Cowboy.Http\Cowboy.Http.csproj", "{7EB615AE-71B7-4D75-8E43-1CEF143E0B33}"
EndProject
Project("{FAE04EC0-301F-11D3-BF4B-00C04F79EFBC}") = "Cowboy.Serialization", "Cowboy.Serialization\Cowboy.Serialization.csproj", "{505D35F3-9835-45B6-9E30-4E4D6A7FFDB7}"
EndProject
Project("{FAE04EC0-301F-11D3-BF4B-00C04F79EFBC}") = "Cowboy.StaticContent", "Cowboy.StaticContent\Cowboy.StaticContent.csproj", "{B37CA69A-0796-4E46-B1FF-83DA39374FF8}"
EndProject
Project("{FAE04EC0-301F-11D3-BF4B-00C04F79EFBC}") = "Cowboy.TestClient", "Tests\Cowboy.TestClient\Cowboy.TestClient.csproj", "{3231D52B-1EE7-4CD5-B72D-96E8DC267E68}"
EndProject
Project("{FAE04EC0-301F-11D3-BF4B-00C04F79EFBC}") = "Cowboy.Logging", "Cowboy.Logging\Cowboy.Logging.csproj", "{7ADA144A-A176-437B-812E-889B6AA2536E}"
EndProject
Project("{FAE04EC0-301F-11D3-BF4B-00C04F79EFBC}") = "Cowboy.Logging.NLogIntegration", "Cowboy.Logging.NLogIntegration\Cowboy.Logging.NLogIntegration.csproj", "{BE0E384E-A89C-4CC1-AE7C-E390AC8349F3}"
EndProject
Global
	GlobalSection(SolutionConfigurationPlatforms) = preSolution
		Debug|Any CPU = Debug|Any CPU
		Release|Any CPU = Release|Any CPU
	EndGlobalSection
	GlobalSection(ProjectConfigurationPlatforms) = postSolution
		{D80D7951-9CB6-4F7D-B9AC-1566C173C950}.Debug|Any CPU.ActiveCfg = Debug|Any CPU
		{D80D7951-9CB6-4F7D-B9AC-1566C173C950}.Debug|Any CPU.Build.0 = Debug|Any CPU
		{D80D7951-9CB6-4F7D-B9AC-1566C173C950}.Release|Any CPU.ActiveCfg = Release|Any CPU
		{D80D7951-9CB6-4F7D-B9AC-1566C173C950}.Release|Any CPU.Build.0 = Release|Any CPU
		{AAF9F07E-921A-433F-B475-6988ECBA754F}.Debug|Any CPU.ActiveCfg = Debug|Any CPU
		{AAF9F07E-921A-433F-B475-6988ECBA754F}.Debug|Any CPU.Build.0 = Debug|Any CPU
		{AAF9F07E-921A-433F-B475-6988ECBA754F}.Release|Any CPU.ActiveCfg = Release|Any CPU
		{AAF9F07E-921A-433F-B475-6988ECBA754F}.Release|Any CPU.Build.0 = Release|Any CPU
		{8FB75B54-A8D7-42B0-8E14-80CB48B91497}.Debug|Any CPU.ActiveCfg = Debug|Any CPU
		{8FB75B54-A8D7-42B0-8E14-80CB48B91497}.Debug|Any CPU.Build.0 = Debug|Any CPU
		{8FB75B54-A8D7-42B0-8E14-80CB48B91497}.Release|Any CPU.ActiveCfg = Release|Any CPU
		{8FB75B54-A8D7-42B0-8E14-80CB48B91497}.Release|Any CPU.Build.0 = Release|Any CPU
		{4CC477F4-F78F-4C23-8449-EE00F0BBB557}.Debug|Any CPU.ActiveCfg = Debug|Any CPU
		{4CC477F4-F78F-4C23-8449-EE00F0BBB557}.Debug|Any CPU.Build.0 = Debug|Any CPU
		{4CC477F4-F78F-4C23-8449-EE00F0BBB557}.Release|Any CPU.ActiveCfg = Release|Any CPU
		{4CC477F4-F78F-4C23-8449-EE00F0BBB557}.Release|Any CPU.Build.0 = Release|Any CPU
		{8BD24F66-03DF-4E35-91DA-3F145BBBE34F}.Debug|Any CPU.ActiveCfg = Debug|Any CPU
		{8BD24F66-03DF-4E35-91DA-3F145BBBE34F}.Debug|Any CPU.Build.0 = Debug|Any CPU
		{8BD24F66-03DF-4E35-91DA-3F145BBBE34F}.Release|Any CPU.ActiveCfg = Release|Any CPU
		{8BD24F66-03DF-4E35-91DA-3F145BBBE34F}.Release|Any CPU.Build.0 = Release|Any CPU
		{1DFCD593-8814-4DCE-82D8-7F7DC9BE5BD4}.Debug|Any CPU.ActiveCfg = Debug|Any CPU
		{1DFCD593-8814-4DCE-82D8-7F7DC9BE5BD4}.Debug|Any CPU.Build.0 = Debug|Any CPU
		{1DFCD593-8814-4DCE-82D8-7F7DC9BE5BD4}.Release|Any CPU.ActiveCfg = Release|Any CPU
		{1DFCD593-8814-4DCE-82D8-7F7DC9BE5BD4}.Release|Any CPU.Build.0 = Release|Any CPU
		{47E06681-38E9-46C0-8AAE-00535845D42D}.Debug|Any CPU.ActiveCfg = Debug|Any CPU
		{47E06681-38E9-46C0-8AAE-00535845D42D}.Debug|Any CPU.Build.0 = Debug|Any CPU
		{47E06681-38E9-46C0-8AAE-00535845D42D}.Release|Any CPU.ActiveCfg = Release|Any CPU
		{47E06681-38E9-46C0-8AAE-00535845D42D}.Release|Any CPU.Build.0 = Release|Any CPU
		{7EB615AE-71B7-4D75-8E43-1CEF143E0B33}.Debug|Any CPU.ActiveCfg = Debug|Any CPU
		{7EB615AE-71B7-4D75-8E43-1CEF143E0B33}.Debug|Any CPU.Build.0 = Debug|Any CPU
		{7EB615AE-71B7-4D75-8E43-1CEF143E0B33}.Release|Any CPU.ActiveCfg = Release|Any CPU
		{7EB615AE-71B7-4D75-8E43-1CEF143E0B33}.Release|Any CPU.Build.0 = Release|Any CPU
		{505D35F3-9835-45B6-9E30-4E4D6A7FFDB7}.Debug|Any CPU.ActiveCfg = Debug|Any CPU
		{505D35F3-9835-45B6-9E30-4E4D6A7FFDB7}.Debug|Any CPU.Build.0 = Debug|Any CPU
		{505D35F3-9835-45B6-9E30-4E4D6A7FFDB7}.Release|Any CPU.ActiveCfg = Release|Any CPU
		{505D35F3-9835-45B6-9E30-4E4D6A7FFDB7}.Release|Any CPU.Build.0 = Release|Any CPU
		{B37CA69A-0796-4E46-B1FF-83DA39374FF8}.Debug|Any CPU.ActiveCfg = Debug|Any CPU
		{B37CA69A-0796-4E46-B1FF-83DA39374FF8}.Debug|Any CPU.Build.0 = Debug|Any CPU
		{B37CA69A-0796-4E46-B1FF-83DA39374FF8}.Release|Any CPU.ActiveCfg = Release|Any CPU
		{B37CA69A-0796-4E46-B1FF-83DA39374FF8}.Release|Any CPU.Build.0 = Release|Any CPU
		{3231D52B-1EE7-4CD5-B72D-96E8DC267E68}.Debug|Any CPU.ActiveCfg = Debug|Any CPU
		{3231D52B-1EE7-4CD5-B72D-96E8DC267E68}.Debug|Any CPU.Build.0 = Debug|Any CPU
		{3231D52B-1EE7-4CD5-B72D-96E8DC267E68}.Release|Any CPU.ActiveCfg = Release|Any CPU
		{3231D52B-1EE7-4CD5-B72D-96E8DC267E68}.Release|Any CPU.Build.0 = Release|Any CPU
		{7ADA144A-A176-437B-812E-889B6AA2536E}.Debug|Any CPU.ActiveCfg = Debug|Any CPU
		{7ADA144A-A176-437B-812E-889B6AA2536E}.Debug|Any CPU.Build.0 = Debug|Any CPU
		{7ADA144A-A176-437B-812E-889B6AA2536E}.Release|Any CPU.ActiveCfg = Release|Any CPU
		{7ADA144A-A176-437B-812E-889B6AA2536E}.Release|Any CPU.Build.0 = Release|Any CPU
		{BE0E384E-A89C-4CC1-AE7C-E390AC8349F3}.Debug|Any CPU.ActiveCfg = Debug|Any CPU
		{BE0E384E-A89C-4CC1-AE7C-E390AC8349F3}.Debug|Any CPU.Build.0 = Debug|Any CPU
		{BE0E384E-A89C-4CC1-AE7C-E390AC8349F3}.Release|Any CPU.ActiveCfg = Release|Any CPU
		{BE0E384E-A89C-4CC1-AE7C-E390AC8349F3}.Release|Any CPU.Build.0 = Release|Any CPU
	EndGlobalSection
	GlobalSection(SolutionProperties) = preSolution
		HideSolutionNode = FALSE
	EndGlobalSection
	GlobalSection(NestedProjects) = preSolution
		{1DFCD593-8814-4DCE-82D8-7F7DC9BE5BD4} = {0E04BEDA-90F9-4E44-91B9-FAE42EF01498}
		{3231D52B-1EE7-4CD5-B72D-96E8DC267E68} = {0E04BEDA-90F9-4E44-91B9-FAE42EF01498}
	EndGlobalSection
EndGlobal
