
Microsoft Visual Studio Solution File, Format Version 12.00
# Visual Studio 14
VisualStudioVersion = 14.0.24720.0
MinimumVisualStudioVersion = 10.0.40219.1
Project("{FAE04EC0-301F-11D3-BF4B-00C04F79EFBC}") = "Cowboy.Utilities", "Cowboy.Utilities\Cowboy.Utilities.csproj", "{D80D7951-9CB6-4F7D-B9AC-1566C173C950}"
EndProject
Project("{FAE04EC0-301F-11D3-BF4B-00C04F79EFBC}") = "Cowboy.Extensions", "Cowboy.Extensions\Cowboy.Extensions.csproj", "{AAF9F07E-921A-433F-B475-6988ECBA754F}"
EndProject
Project("{FAE04EC0-301F-11D3-BF4B-00C04F79EFBC}") = "Cowboy", "Cowboy\Cowboy.csproj", "{8FB75B54-A8D7-42B0-8E14-80CB48B91497}"
EndProject
Project("{FAE04EC0-301F-11D3-BF4B-00C04F79EFBC}") = "Cowboy.Hosting.Self", "Cowboy.Hosting.Self\Cowboy.Hosting.Self.csproj", "{4CC477F4-F78F-4C23-8449-EE00F0BBB557}"
EndProject
Project("{FAE04EC0-301F-11D3-BF4B-00C04F79EFBC}") = "Cowboy.Testing", "Cowboy.Testing\Cowboy.Testing.csproj", "{1DFCD593-8814-4DCE-82D8-7F7DC9BE5BD4}"
EndProject
Global
	GlobalSection(SolutionConfigurationPlatforms) = preSolution
		Debug|Any CPU = Debug|Any CPU
		Release|Any CPU = Release|Any CPU
	EndGlobalSection
	GlobalSection(ProjectConfigurationPlatforms) = postSolution
		{D80D7951-9CB6-4F7D-B9AC-1566C173C950}.Debug|Any CPU.ActiveCfg = Debug|Any CPU
		{D80D7951-9CB6-4F7D-B9AC-1566C173C950}.Debug|Any CPU.Build.0 = Debug|Any CPU
		{D80D7951-9CB6-4F7D-B9AC-1566C173C950}.Release|Any CPU.ActiveCfg = Release|Any CPU
		{D80D7951-9CB6-4F7D-B9AC-1566C173C950}.Release|Any CPU.Build.0 = Release|Any CPU
		{AAF9F07E-921A-433F-B475-6988ECBA754F}.Debug|Any CPU.ActiveCfg = Debug|Any CPU
		{AAF9F07E-921A-433F-B475-6988ECBA754F}.Debug|Any CPU.Build.0 = Debug|Any CPU
		{AAF9F07E-921A-433F-B475-6988ECBA754F}.Release|Any CPU.ActiveCfg = Release|Any CPU
		{AAF9F07E-921A-433F-B475-6988ECBA754F}.Release|Any CPU.Build.0 = Release|Any CPU
		{8FB75B54-A8D7-42B0-8E14-80CB48B91497}.Debug|Any CPU.ActiveCfg = Debug|Any CPU
		{8FB75B54-A8D7-42B0-8E14-80CB48B91497}.Debug|Any CPU.Build.0 = Debug|Any CPU
		{8FB75B54-A8D7-42B0-8E14-80CB48B91497}.Release|Any CPU.ActiveCfg = Release|Any CPU
		{8FB75B54-A8D7-42B0-8E14-80CB48B91497}.Release|Any CPU.Build.0 = Release|Any CPU
		{4CC477F4-F78F-4C23-8449-EE00F0BBB557}.Debug|Any CPU.ActiveCfg = Debug|Any CPU
		{4CC477F4-F78F-4C23-8449-EE00F0BBB557}.Debug|Any CPU.Build.0 = Debug|Any CPU
		{4CC477F4-F78F-4C23-8449-EE00F0BBB557}.Release|Any CPU.ActiveCfg = Release|Any CPU
		{4CC477F4-F78F-4C23-8449-EE00F0BBB557}.Release|Any CPU.Build.0 = Release|Any CPU
		{1DFCD593-8814-4DCE-82D8-7F7DC9BE5BD4}.Debug|Any CPU.ActiveCfg = Debug|Any CPU
		{1DFCD593-8814-4DCE-82D8-7F7DC9BE5BD4}.Debug|Any CPU.Build.0 = Debug|Any CPU
		{1DFCD593-8814-4DCE-82D8-7F7DC9BE5BD4}.Release|Any CPU.ActiveCfg = Release|Any CPU
		{1DFCD593-8814-4DCE-82D8-7F7DC9BE5BD4}.Release|Any CPU.Build.0 = Release|Any CPU
	EndGlobalSection
	GlobalSection(SolutionProperties) = preSolution
		HideSolutionNode = FALSE
	EndGlobalSection
EndGlobal
