
Microsoft Visual Studio Solution File, Format Version 12.00
# Visual Studio 14
VisualStudioVersion = 14.0.24720.0
MinimumVisualStudioVersion = 10.0.40219.1
Project("{2150E333-8FDC-42A3-9474-1A3956D46DE8}") = "Tests", "Tests", "{0E04BEDA-90F9-4E44-91B9-FAE42EF01498}"
EndProject
Project("{FAE04EC0-301F-11D3-BF4B-00C04F79EFBC}") = "Cowboy.Logging", "Cowboy.Logging\Cowboy.Logging.csproj", "{7ADA144A-A176-437B-812E-889B6AA2536E}"
EndProject
Project("{FAE04EC0-301F-11D3-BF4B-00C04F79EFBC}") = "Cowboy.Logging.NLogIntegration", "Cowboy.Logging.NLogIntegration\Cowboy.Logging.NLogIntegration.csproj", "{BE0E384E-A89C-4CC1-AE7C-E390AC8349F3}"
EndProject
Project("{2150E333-8FDC-42A3-9474-1A3956D46DE8}") = "Solution Items", "Solution Items", "{D36E264D-BB94-4D14-A292-A852A3D6D5F7}"
	ProjectSection(SolutionItems) = preProject
		..\LICENSE = ..\LICENSE
		..\MAKECERT.md = ..\MAKECERT.md
		..\README.md = ..\README.md
		SolutionVersion.cs = SolutionVersion.cs
		..\TCPLIKA.md = ..\TCPLIKA.md
	EndProjectSection
EndProject
Project("{2150E333-8FDC-42A3-9474-1A3956D46DE8}") = "Tools", "Tools", "{FBDC6AFC-D9E3-43AE-B68F-54A3586A20DD}"
EndProject
Project("{2150E333-8FDC-42A3-9474-1A3956D46DE8}") = "Logging", "Logging", "{3E483F7D-8F0A-42B7-A883-58A37C1AF1B6}"
EndProject
Project("{FAE04EC0-301F-11D3-BF4B-00C04F79EFBC}") = "Cowboy.Sockets", "Cowboy.Sockets\Cowboy.Sockets.csproj", "{39D916FE-2C09-47AB-A5A2-1A23787F20BA}"
EndProject
Project("{FAE04EC0-301F-11D3-BF4B-00C04F79EFBC}") = "Cowboy.WebSockets", "Cowboy.WebSockets\Cowboy.WebSockets.csproj", "{3A79448C-5D23-4325-8076-576E64BA65BE}"
EndProject
Project("{FAE04EC0-301F-11D3-BF4B-00C04F79EFBC}") = "Cowboy.CommandLines", "Tools\Cowboy.CommandLines\Cowboy.CommandLines.csproj", "{E7A41D23-4F6B-4BE2-A311-0D3D25BFE6E7}"
EndProject
Project("{FAE04EC0-301F-11D3-BF4B-00C04F79EFBC}") = "Cowboy.TcpLika", "Tools\Cowboy.TcpLika\Cowboy.TcpLika.csproj", "{0ED6CD14-9182-486B-8AF3-1D9770449046}"
EndProject
Global
	GlobalSection(SolutionConfigurationPlatforms) = preSolution
		Debug|Any CPU = Debug|Any CPU
		Release|Any CPU = Release|Any CPU
	EndGlobalSection
	GlobalSection(ProjectConfigurationPlatforms) = postSolution
		{7ADA144A-A176-437B-812E-889B6AA2536E}.Debug|Any CPU.ActiveCfg = Debug|Any CPU
		{7ADA144A-A176-437B-812E-889B6AA2536E}.Debug|Any CPU.Build.0 = Debug|Any CPU
		{7ADA144A-A176-437B-812E-889B6AA2536E}.Release|Any CPU.ActiveCfg = Release|Any CPU
		{7ADA144A-A176-437B-812E-889B6AA2536E}.Release|Any CPU.Build.0 = Release|Any CPU
		{BE0E384E-A89C-4CC1-AE7C-E390AC8349F3}.Debug|Any CPU.ActiveCfg = Debug|Any CPU
		{BE0E384E-A89C-4CC1-AE7C-E390AC8349F3}.Debug|Any CPU.Build.0 = Debug|Any CPU
		{BE0E384E-A89C-4CC1-AE7C-E390AC8349F3}.Release|Any CPU.ActiveCfg = Release|Any CPU
		{BE0E384E-A89C-4CC1-AE7C-E390AC8349F3}.Release|Any CPU.Build.0 = Release|Any CPU
		{39D916FE-2C09-47AB-A5A2-1A23787F20BA}.Debug|Any CPU.ActiveCfg = Debug|Any CPU
		{39D916FE-2C09-47AB-A5A2-1A23787F20BA}.Debug|Any CPU.Build.0 = Debug|Any CPU
		{39D916FE-2C09-47AB-A5A2-1A23787F20BA}.Release|Any CPU.ActiveCfg = Release|Any CPU
		{39D916FE-2C09-47AB-A5A2-1A23787F20BA}.Release|Any CPU.Build.0 = Release|Any CPU
		{3A79448C-5D23-4325-8076-576E64BA65BE}.Debug|Any CPU.ActiveCfg = Debug|Any CPU
		{3A79448C-5D23-4325-8076-576E64BA65BE}.Debug|Any CPU.Build.0 = Debug|Any CPU
		{3A79448C-5D23-4325-8076-576E64BA65BE}.Release|Any CPU.ActiveCfg = Release|Any CPU
		{3A79448C-5D23-4325-8076-576E64BA65BE}.Release|Any CPU.Build.0 = Release|Any CPU
		{E7A41D23-4F6B-4BE2-A311-0D3D25BFE6E7}.Debug|Any CPU.ActiveCfg = Debug|Any CPU
		{E7A41D23-4F6B-4BE2-A311-0D3D25BFE6E7}.Debug|Any CPU.Build.0 = Debug|Any CPU
		{E7A41D23-4F6B-4BE2-A311-0D3D25BFE6E7}.Release|Any CPU.ActiveCfg = Release|Any CPU
		{E7A41D23-4F6B-4BE2-A311-0D3D25BFE6E7}.Release|Any CPU.Build.0 = Release|Any CPU
		{0ED6CD14-9182-486B-8AF3-1D9770449046}.Debug|Any CPU.ActiveCfg = Debug|Any CPU
		{0ED6CD14-9182-486B-8AF3-1D9770449046}.Debug|Any CPU.Build.0 = Debug|Any CPU
		{0ED6CD14-9182-486B-8AF3-1D9770449046}.Release|Any CPU.ActiveCfg = Release|Any CPU
		{0ED6CD14-9182-486B-8AF3-1D9770449046}.Release|Any CPU.Build.0 = Release|Any CPU
	EndGlobalSection
	GlobalSection(SolutionProperties) = preSolution
		HideSolutionNode = FALSE
	EndGlobalSection
	GlobalSection(NestedProjects) = preSolution
		{7ADA144A-A176-437B-812E-889B6AA2536E} = {3E483F7D-8F0A-42B7-A883-58A37C1AF1B6}
		{BE0E384E-A89C-4CC1-AE7C-E390AC8349F3} = {3E483F7D-8F0A-42B7-A883-58A37C1AF1B6}
		{E7A41D23-4F6B-4BE2-A311-0D3D25BFE6E7} = {FBDC6AFC-D9E3-43AE-B68F-54A3586A20DD}
		{0ED6CD14-9182-486B-8AF3-1D9770449046} = {FBDC6AFC-D9E3-43AE-B68F-54A3586A20DD}
	EndGlobalSection
EndGlobal
